
Microsoft Visual Studio Solution File, Format Version 12.00
# Visual Studio Version 16
VisualStudioVersion = 16.0.29920.165
MinimumVisualStudioVersion = 10.0.40219.1
Project("{8BC9CEB8-8B4A-11D0-8D11-00A0C91BC942}") = "02_Lesson", "02_Lesson\02_Lesson.vcxproj", "{534582F9-DC7F-43C5-9E1E-608DD1218D9F}"
EndProject
Project("{8BC9CEB8-8B4A-11D0-8D11-00A0C91BC942}") = "14_Lesson", "14_Lesson\14_Lesson.vcxproj", "{1B64EC10-A2AF-47C2-A75F-BD21C37536CD}"
EndProject
Project("{8BC9CEB8-8B4A-11D0-8D11-00A0C91BC942}") = "15_Lesson", "15_Lesson\15_Lesson.vcxproj", "{042177D7-056F-42A2-AA07-9437D4E7B357}"
EndProject
Project("{8BC9CEB8-8B4A-11D0-8D11-00A0C91BC942}") = "16_Lesson", "16_Lesson\16_Lesson.vcxproj", "{ECDE26DB-07C1-427F-8F57-CAB0824CEACF}"
EndProject
Project("{8BC9CEB8-8B4A-11D0-8D11-00A0C91BC942}") = "18_Lesson", "18_Lesson\18_Lesson.vcxproj", "{7DF05286-1EE5-4CF4-8F65-4A991E110074}"
EndProject
Project("{8BC9CEB8-8B4A-11D0-8D11-00A0C91BC942}") = "17_Lesson", "17_Lesson\17_Lesson.vcxproj", "{7B12263E-CE78-4CF5-91E4-97ED9F8A3AB1}"
EndProject
Project("{8BC9CEB8-8B4A-11D0-8D11-00A0C91BC942}") = "19_Lesson", "19_Lesson\19_Lesson.vcxproj", "{A57183F6-66C6-4050-ADA0-790586428373}"
EndProject
Project("{8BC9CEB8-8B4A-11D0-8D11-00A0C91BC942}") = "20_Lesson", "20_Lesson\20_Lesson.vcxproj", "{FCDD65FC-49CA-42A7-8A1D-2ECA36E29F2F}"
EndProject
Project("{8BC9CEB8-8B4A-11D0-8D11-00A0C91BC942}") = "21_Lesson", "21_Lesson\21_Lesson.vcxproj", "{47CCE284-79BF-4405-9E49-A70BA5DEFD64}"
EndProject
Project("{8BC9CEB8-8B4A-11D0-8D11-00A0C91BC942}") = "22_Lesson", "22_Lesson\22_Lesson.vcxproj", "{F56690A8-B4A7-4BA2-AB84-1C4BB05224A4}"
EndProject
Project("{8BC9CEB8-8B4A-11D0-8D11-00A0C91BC942}") = "23_Lesson", "23_Lesson\23_Lesson.vcxproj", "{A9301465-7BA5-4243-83BB-42B4275934DF}"
EndProject
Project("{8BC9CEB8-8B4A-11D0-8D11-00A0C91BC942}") = "24_Lesson", "24_Lesson\24_Lesson.vcxproj", "{F0591531-8EB2-4F12-AFD7-EA3ED37293BF}"
EndProject
Project("{8BC9CEB8-8B4A-11D0-8D11-00A0C91BC942}") = "25_Lesson", "25_Lesson\25_Lesson.vcxproj", "{EF09E1BA-11D9-41EE-8E8D-4B82B60814C2}"
EndProject
Project("{8BC9CEB8-8B4A-11D0-8D11-00A0C91BC942}") = "27_Lesson", "27_Lesson\27_Lesson.vcxproj", "{96F86CA7-A4B5-43AA-8C50-D21F679FA320}"
EndProject
Global
	GlobalSection(SolutionConfigurationPlatforms) = preSolution
		Debug|x64 = Debug|x64
		Debug|x86 = Debug|x86
		Release|x64 = Release|x64
		Release|x86 = Release|x86
	EndGlobalSection
	GlobalSection(ProjectConfigurationPlatforms) = postSolution
		{534582F9-DC7F-43C5-9E1E-608DD1218D9F}.Debug|x64.ActiveCfg = Debug|x64
		{534582F9-DC7F-43C5-9E1E-608DD1218D9F}.Debug|x64.Build.0 = Debug|x64
		{534582F9-DC7F-43C5-9E1E-608DD1218D9F}.Debug|x86.ActiveCfg = Debug|Win32
		{534582F9-DC7F-43C5-9E1E-608DD1218D9F}.Debug|x86.Build.0 = Debug|Win32
		{534582F9-DC7F-43C5-9E1E-608DD1218D9F}.Release|x64.ActiveCfg = Release|x64
		{534582F9-DC7F-43C5-9E1E-608DD1218D9F}.Release|x64.Build.0 = Release|x64
		{534582F9-DC7F-43C5-9E1E-608DD1218D9F}.Release|x86.ActiveCfg = Release|Win32
		{534582F9-DC7F-43C5-9E1E-608DD1218D9F}.Release|x86.Build.0 = Release|Win32
		{1B64EC10-A2AF-47C2-A75F-BD21C37536CD}.Debug|x64.ActiveCfg = Debug|x64
		{1B64EC10-A2AF-47C2-A75F-BD21C37536CD}.Debug|x64.Build.0 = Debug|x64
		{1B64EC10-A2AF-47C2-A75F-BD21C37536CD}.Debug|x86.ActiveCfg = Debug|Win32
		{1B64EC10-A2AF-47C2-A75F-BD21C37536CD}.Debug|x86.Build.0 = Debug|Win32
		{1B64EC10-A2AF-47C2-A75F-BD21C37536CD}.Release|x64.ActiveCfg = Release|x64
		{1B64EC10-A2AF-47C2-A75F-BD21C37536CD}.Release|x64.Build.0 = Release|x64
		{1B64EC10-A2AF-47C2-A75F-BD21C37536CD}.Release|x86.ActiveCfg = Release|Win32
		{1B64EC10-A2AF-47C2-A75F-BD21C37536CD}.Release|x86.Build.0 = Release|Win32
		{042177D7-056F-42A2-AA07-9437D4E7B357}.Debug|x64.ActiveCfg = Debug|x64
		{042177D7-056F-42A2-AA07-9437D4E7B357}.Debug|x64.Build.0 = Debug|x64
		{042177D7-056F-42A2-AA07-9437D4E7B357}.Debug|x86.ActiveCfg = Debug|Win32
		{042177D7-056F-42A2-AA07-9437D4E7B357}.Debug|x86.Build.0 = Debug|Win32
		{042177D7-056F-42A2-AA07-9437D4E7B357}.Release|x64.ActiveCfg = Release|x64
		{042177D7-056F-42A2-AA07-9437D4E7B357}.Release|x64.Build.0 = Release|x64
		{042177D7-056F-42A2-AA07-9437D4E7B357}.Release|x86.ActiveCfg = Release|Win32
		{042177D7-056F-42A2-AA07-9437D4E7B357}.Release|x86.Build.0 = Release|Win32
		{ECDE26DB-07C1-427F-8F57-CAB0824CEACF}.Debug|x64.ActiveCfg = Debug|x64
		{ECDE26DB-07C1-427F-8F57-CAB0824CEACF}.Debug|x64.Build.0 = Debug|x64
		{ECDE26DB-07C1-427F-8F57-CAB0824CEACF}.Debug|x86.ActiveCfg = Debug|Win32
		{ECDE26DB-07C1-427F-8F57-CAB0824CEACF}.Debug|x86.Build.0 = Debug|Win32
		{ECDE26DB-07C1-427F-8F57-CAB0824CEACF}.Release|x64.ActiveCfg = Release|x64
		{ECDE26DB-07C1-427F-8F57-CAB0824CEACF}.Release|x64.Build.0 = Release|x64
		{ECDE26DB-07C1-427F-8F57-CAB0824CEACF}.Release|x86.ActiveCfg = Release|Win32
		{ECDE26DB-07C1-427F-8F57-CAB0824CEACF}.Release|x86.Build.0 = Release|Win32
		{7DF05286-1EE5-4CF4-8F65-4A991E110074}.Debug|x64.ActiveCfg = Debug|x64
		{7DF05286-1EE5-4CF4-8F65-4A991E110074}.Debug|x64.Build.0 = Debug|x64
		{7DF05286-1EE5-4CF4-8F65-4A991E110074}.Debug|x86.ActiveCfg = Debug|Win32
		{7DF05286-1EE5-4CF4-8F65-4A991E110074}.Debug|x86.Build.0 = Debug|Win32
		{7DF05286-1EE5-4CF4-8F65-4A991E110074}.Release|x64.ActiveCfg = Release|x64
		{7DF05286-1EE5-4CF4-8F65-4A991E110074}.Release|x64.Build.0 = Release|x64
		{7DF05286-1EE5-4CF4-8F65-4A991E110074}.Release|x86.ActiveCfg = Release|Win32
		{7DF05286-1EE5-4CF4-8F65-4A991E110074}.Release|x86.Build.0 = Release|Win32
		{7B12263E-CE78-4CF5-91E4-97ED9F8A3AB1}.Debug|x64.ActiveCfg = Debug|x64
		{7B12263E-CE78-4CF5-91E4-97ED9F8A3AB1}.Debug|x64.Build.0 = Debug|x64
		{7B12263E-CE78-4CF5-91E4-97ED9F8A3AB1}.Debug|x86.ActiveCfg = Debug|Win32
		{7B12263E-CE78-4CF5-91E4-97ED9F8A3AB1}.Debug|x86.Build.0 = Debug|Win32
		{7B12263E-CE78-4CF5-91E4-97ED9F8A3AB1}.Release|x64.ActiveCfg = Release|x64
		{7B12263E-CE78-4CF5-91E4-97ED9F8A3AB1}.Release|x64.Build.0 = Release|x64
		{7B12263E-CE78-4CF5-91E4-97ED9F8A3AB1}.Release|x86.ActiveCfg = Release|Win32
		{7B12263E-CE78-4CF5-91E4-97ED9F8A3AB1}.Release|x86.Build.0 = Release|Win32
		{A57183F6-66C6-4050-ADA0-790586428373}.Debug|x64.ActiveCfg = Debug|x64
		{A57183F6-66C6-4050-ADA0-790586428373}.Debug|x64.Build.0 = Debug|x64
		{A57183F6-66C6-4050-ADA0-790586428373}.Debug|x86.ActiveCfg = Debug|Win32
		{A57183F6-66C6-4050-ADA0-790586428373}.Debug|x86.Build.0 = Debug|Win32
		{A57183F6-66C6-4050-ADA0-790586428373}.Release|x64.ActiveCfg = Release|x64
		{A57183F6-66C6-4050-ADA0-790586428373}.Release|x64.Build.0 = Release|x64
		{A57183F6-66C6-4050-ADA0-790586428373}.Release|x86.ActiveCfg = Release|Win32
		{A57183F6-66C6-4050-ADA0-790586428373}.Release|x86.Build.0 = Release|Win32
		{FCDD65FC-49CA-42A7-8A1D-2ECA36E29F2F}.Debug|x64.ActiveCfg = Debug|x64
		{FCDD65FC-49CA-42A7-8A1D-2ECA36E29F2F}.Debug|x64.Build.0 = Debug|x64
		{FCDD65FC-49CA-42A7-8A1D-2ECA36E29F2F}.Debug|x86.ActiveCfg = Debug|Win32
		{FCDD65FC-49CA-42A7-8A1D-2ECA36E29F2F}.Debug|x86.Build.0 = Debug|Win32
		{FCDD65FC-49CA-42A7-8A1D-2ECA36E29F2F}.Release|x64.ActiveCfg = Release|x64
		{FCDD65FC-49CA-42A7-8A1D-2ECA36E29F2F}.Release|x64.Build.0 = Release|x64
		{FCDD65FC-49CA-42A7-8A1D-2ECA36E29F2F}.Release|x86.ActiveCfg = Release|Win32
		{FCDD65FC-49CA-42A7-8A1D-2ECA36E29F2F}.Release|x86.Build.0 = Release|Win32
		{47CCE284-79BF-4405-9E49-A70BA5DEFD64}.Debug|x64.ActiveCfg = Debug|x64
		{47CCE284-79BF-4405-9E49-A70BA5DEFD64}.Debug|x64.Build.0 = Debug|x64
		{47CCE284-79BF-4405-9E49-A70BA5DEFD64}.Debug|x86.ActiveCfg = Debug|Win32
		{47CCE284-79BF-4405-9E49-A70BA5DEFD64}.Debug|x86.Build.0 = Debug|Win32
		{47CCE284-79BF-4405-9E49-A70BA5DEFD64}.Release|x64.ActiveCfg = Release|x64
		{47CCE284-79BF-4405-9E49-A70BA5DEFD64}.Release|x64.Build.0 = Release|x64
		{47CCE284-79BF-4405-9E49-A70BA5DEFD64}.Release|x86.ActiveCfg = Release|Win32
		{47CCE284-79BF-4405-9E49-A70BA5DEFD64}.Release|x86.Build.0 = Release|Win32
		{F56690A8-B4A7-4BA2-AB84-1C4BB05224A4}.Debug|x64.ActiveCfg = Debug|x64
		{F56690A8-B4A7-4BA2-AB84-1C4BB05224A4}.Debug|x64.Build.0 = Debug|x64
		{F56690A8-B4A7-4BA2-AB84-1C4BB05224A4}.Debug|x86.ActiveCfg = Debug|Win32
		{F56690A8-B4A7-4BA2-AB84-1C4BB05224A4}.Debug|x86.Build.0 = Debug|Win32
		{F56690A8-B4A7-4BA2-AB84-1C4BB05224A4}.Release|x64.ActiveCfg = Release|x64
		{F56690A8-B4A7-4BA2-AB84-1C4BB05224A4}.Release|x64.Build.0 = Release|x64
		{F56690A8-B4A7-4BA2-AB84-1C4BB05224A4}.Release|x86.ActiveCfg = Release|Win32
		{F56690A8-B4A7-4BA2-AB84-1C4BB05224A4}.Release|x86.Build.0 = Release|Win32
		{A9301465-7BA5-4243-83BB-42B4275934DF}.Debug|x64.ActiveCfg = Debug|x64
		{A9301465-7BA5-4243-83BB-42B4275934DF}.Debug|x64.Build.0 = Debug|x64
		{A9301465-7BA5-4243-83BB-42B4275934DF}.Debug|x86.ActiveCfg = Debug|Win32
		{A9301465-7BA5-4243-83BB-42B4275934DF}.Debug|x86.Build.0 = Debug|Win32
		{A9301465-7BA5-4243-83BB-42B4275934DF}.Release|x64.ActiveCfg = Release|x64
		{A9301465-7BA5-4243-83BB-42B4275934DF}.Release|x64.Build.0 = Release|x64
		{A9301465-7BA5-4243-83BB-42B4275934DF}.Release|x86.ActiveCfg = Release|Win32
		{A9301465-7BA5-4243-83BB-42B4275934DF}.Release|x86.Build.0 = Release|Win32
		{F0591531-8EB2-4F12-AFD7-EA3ED37293BF}.Debug|x64.ActiveCfg = Debug|x64
		{F0591531-8EB2-4F12-AFD7-EA3ED37293BF}.Debug|x64.Build.0 = Debug|x64
		{F0591531-8EB2-4F12-AFD7-EA3ED37293BF}.Debug|x86.ActiveCfg = Debug|Win32
		{F0591531-8EB2-4F12-AFD7-EA3ED37293BF}.Debug|x86.Build.0 = Debug|Win32
		{F0591531-8EB2-4F12-AFD7-EA3ED37293BF}.Release|x64.ActiveCfg = Release|x64
		{F0591531-8EB2-4F12-AFD7-EA3ED37293BF}.Release|x64.Build.0 = Release|x64
		{F0591531-8EB2-4F12-AFD7-EA3ED37293BF}.Release|x86.ActiveCfg = Release|Win32
		{F0591531-8EB2-4F12-AFD7-EA3ED37293BF}.Release|x86.Build.0 = Release|Win32
		{EF09E1BA-11D9-41EE-8E8D-4B82B60814C2}.Debug|x64.ActiveCfg = Debug|x64
		{EF09E1BA-11D9-41EE-8E8D-4B82B60814C2}.Debug|x64.Build.0 = Debug|x64
		{EF09E1BA-11D9-41EE-8E8D-4B82B60814C2}.Debug|x86.ActiveCfg = Debug|Win32
		{EF09E1BA-11D9-41EE-8E8D-4B82B60814C2}.Debug|x86.Build.0 = Debug|Win32
		{EF09E1BA-11D9-41EE-8E8D-4B82B60814C2}.Release|x64.ActiveCfg = Release|x64
		{EF09E1BA-11D9-41EE-8E8D-4B82B60814C2}.Release|x64.Build.0 = Release|x64
		{EF09E1BA-11D9-41EE-8E8D-4B82B60814C2}.Release|x86.ActiveCfg = Release|Win32
		{EF09E1BA-11D9-41EE-8E8D-4B82B60814C2}.Release|x86.Build.0 = Release|Win32
		{96F86CA7-A4B5-43AA-8C50-D21F679FA320}.Debug|x64.ActiveCfg = Debug|x64
		{96F86CA7-A4B5-43AA-8C50-D21F679FA320}.Debug|x64.Build.0 = Debug|x64
		{96F86CA7-A4B5-43AA-8C50-D21F679FA320}.Debug|x86.ActiveCfg = Debug|Win32
		{96F86CA7-A4B5-43AA-8C50-D21F679FA320}.Debug|x86.Build.0 = Debug|Win32
		{96F86CA7-A4B5-43AA-8C50-D21F679FA320}.Release|x64.ActiveCfg = Release|x64
		{96F86CA7-A4B5-43AA-8C50-D21F679FA320}.Release|x64.Build.0 = Release|x64
		{96F86CA7-A4B5-43AA-8C50-D21F679FA320}.Release|x86.ActiveCfg = Release|Win32
		{96F86CA7-A4B5-43AA-8C50-D21F679FA320}.Release|x86.Build.0 = Release|Win32
	EndGlobalSection
	GlobalSection(SolutionProperties) = preSolution
		HideSolutionNode = FALSE
	EndGlobalSection
	GlobalSection(ExtensibilityGlobals) = postSolution
		SolutionGuid = {E58B45B3-8C72-41FA-B389-8B5BC0AE43C1}
	EndGlobalSection
EndGlobal
