
Microsoft Visual Studio Solution File, Format Version 12.00
# Visual Studio Version 16
VisualStudioVersion = 16.0.29920.165
MinimumVisualStudioVersion = 10.0.40219.1
Project("{8BC9CEB8-8B4A-11D0-8D11-00A0C91BC942}") = "02_Lesson", "02_Lesson\02_Lesson.vcxproj", "{534582F9-DC7F-43C5-9E1E-608DD1218D9F}"
EndProject
Project("{8BC9CEB8-8B4A-11D0-8D11-00A0C91BC942}") = "14_Lesson", "14_Lesson\14_Lesson.vcxproj", "{1B64EC10-A2AF-47C2-A75F-BD21C37536CD}"
EndProject
Project("{8BC9CEB8-8B4A-11D0-8D11-00A0C91BC942}") = "15_Lesson", "15_Lesson\15_Lesson.vcxproj", "{042177D7-056F-42A2-AA07-9437D4E7B357}"
EndProject
Project("{8BC9CEB8-8B4A-11D0-8D11-00A0C91BC942}") = "16_Lesson", "16_Lesson\16_Lesson.vcxproj", "{ECDE26DB-07C1-427F-8F57-CAB0824CEACF}"
EndProject
Global
	GlobalSection(SolutionConfigurationPlatforms) = preSolution
		Debug|x64 = Debug|x64
		Debug|x86 = Debug|x86
		Release|x64 = Release|x64
		Release|x86 = Release|x86
	EndGlobalSection
	GlobalSection(ProjectConfigurationPlatforms) = postSolution
		{534582F9-DC7F-43C5-9E1E-608DD1218D9F}.Debug|x64.ActiveCfg = Debug|x64
		{534582F9-DC7F-43C5-9E1E-608DD1218D9F}.Debug|x64.Build.0 = Debug|x64
		{534582F9-DC7F-43C5-9E1E-608DD1218D9F}.Debug|x86.ActiveCfg = Debug|Win32
		{534582F9-DC7F-43C5-9E1E-608DD1218D9F}.Debug|x86.Build.0 = Debug|Win32
		{534582F9-DC7F-43C5-9E1E-608DD1218D9F}.Release|x64.ActiveCfg = Release|x64
		{534582F9-DC7F-43C5-9E1E-608DD1218D9F}.Release|x64.Build.0 = Release|x64
		{534582F9-DC7F-43C5-9E1E-608DD1218D9F}.Release|x86.ActiveCfg = Release|Win32
		{534582F9-DC7F-43C5-9E1E-608DD1218D9F}.Release|x86.Build.0 = Release|Win32
		{1B64EC10-A2AF-47C2-A75F-BD21C37536CD}.Debug|x64.ActiveCfg = Debug|x64
		{1B64EC10-A2AF-47C2-A75F-BD21C37536CD}.Debug|x64.Build.0 = Debug|x64
		{1B64EC10-A2AF-47C2-A75F-BD21C37536CD}.Debug|x86.ActiveCfg = Debug|Win32
		{1B64EC10-A2AF-47C2-A75F-BD21C37536CD}.Debug|x86.Build.0 = Debug|Win32
		{1B64EC10-A2AF-47C2-A75F-BD21C37536CD}.Release|x64.ActiveCfg = Release|x64
		{1B64EC10-A2AF-47C2-A75F-BD21C37536CD}.Release|x64.Build.0 = Release|x64
		{1B64EC10-A2AF-47C2-A75F-BD21C37536CD}.Release|x86.ActiveCfg = Release|Win32
		{1B64EC10-A2AF-47C2-A75F-BD21C37536CD}.Release|x86.Build.0 = Release|Win32
		{042177D7-056F-42A2-AA07-9437D4E7B357}.Debug|x64.ActiveCfg = Debug|x64
		{042177D7-056F-42A2-AA07-9437D4E7B357}.Debug|x64.Build.0 = Debug|x64
		{042177D7-056F-42A2-AA07-9437D4E7B357}.Debug|x86.ActiveCfg = Debug|Win32
		{042177D7-056F-42A2-AA07-9437D4E7B357}.Debug|x86.Build.0 = Debug|Win32
		{042177D7-056F-42A2-AA07-9437D4E7B357}.Release|x64.ActiveCfg = Release|x64
		{042177D7-056F-42A2-AA07-9437D4E7B357}.Release|x64.Build.0 = Release|x64
		{042177D7-056F-42A2-AA07-9437D4E7B357}.Release|x86.ActiveCfg = Release|Win32
		{042177D7-056F-42A2-AA07-9437D4E7B357}.Release|x86.Build.0 = Release|Win32
		{ECDE26DB-07C1-427F-8F57-CAB0824CEACF}.Debug|x64.ActiveCfg = Debug|x64
		{ECDE26DB-07C1-427F-8F57-CAB0824CEACF}.Debug|x64.Build.0 = Debug|x64
		{ECDE26DB-07C1-427F-8F57-CAB0824CEACF}.Debug|x86.ActiveCfg = Debug|Win32
		{ECDE26DB-07C1-427F-8F57-CAB0824CEACF}.Debug|x86.Build.0 = Debug|Win32
		{ECDE26DB-07C1-427F-8F57-CAB0824CEACF}.Release|x64.ActiveCfg = Release|x64
		{ECDE26DB-07C1-427F-8F57-CAB0824CEACF}.Release|x64.Build.0 = Release|x64
		{ECDE26DB-07C1-427F-8F57-CAB0824CEACF}.Release|x86.ActiveCfg = Release|Win32
		{ECDE26DB-07C1-427F-8F57-CAB0824CEACF}.Release|x86.Build.0 = Release|Win32
	EndGlobalSection
	GlobalSection(SolutionProperties) = preSolution
		HideSolutionNode = FALSE
	EndGlobalSection
	GlobalSection(ExtensibilityGlobals) = postSolution
		SolutionGuid = {E58B45B3-8C72-41FA-B389-8B5BC0AE43C1}
	EndGlobalSection
EndGlobal
